
Microsoft Visual Studio Solution File, Format Version 12.00
# Visual Studio Version 17
VisualStudioVersion = 17.3.32922.545
MinimumVisualStudioVersion = 10.0.40219.1
Project("{FAE04EC0-301F-11D3-BF4B-00C04F79EFBC}") = "MVVMforWPF", "MVVMforWPF.csproj", "{6F1BCC9A-FB39-4F0C-9C55-E45CDBB0B7DF}"
EndProject
Global
	GlobalSection(SolutionConfigurationPlatforms) = preSolution
		Debug|Any CPU = Debug|Any CPU
		Release|Any CPU = Release|Any CPU
	EndGlobalSection
	GlobalSection(ProjectConfigurationPlatforms) = postSolution
		{6F1BCC9A-FB39-4F0C-9C55-E45CDBB0B7DF}.Debug|Any CPU.ActiveCfg = Debug|Any CPU
		{6F1BCC9A-FB39-4F0C-9C55-E45CDBB0B7DF}.Debug|Any CPU.Build.0 = Debug|Any CPU
		{6F1BCC9A-FB39-4F0C-9C55-E45CDBB0B7DF}.Release|Any CPU.ActiveCfg = Release|Any CPU
		{6F1BCC9A-FB39-4F0C-9C55-E45CDBB0B7DF}.Release|Any CPU.Build.0 = Release|Any CPU
	EndGlobalSection
	GlobalSection(SolutionProperties) = preSolution
		HideSolutionNode = FALSE
	EndGlobalSection
	GlobalSection(ExtensibilityGlobals) = postSolution
		SolutionGuid = {52B49D20-68B4-4C31-BEBC-BB0A879E4AE4}
	EndGlobalSection
EndGlobal
